
Microsoft Visual Studio Solution File, Format Version 12.00
# Visual Studio 15
VisualStudioVersion = 15.0.28307.572
MinimumVisualStudioVersion = 10.0.40219.1
Project("{FAE04EC0-301F-11D3-BF4B-00C04F79EFBC}") = "ShiftLeft", "ShiftLeft\ShiftLeft.csproj", "{640186FC-BC77-452F-855D-5A43EC204DA5}"
EndProject
Global
	GlobalSection(SolutionConfigurationPlatforms) = preSolution
		Debug|Any CPU = Debug|Any CPU
		Release|Any CPU = Release|Any CPU
	EndGlobalSection
	GlobalSection(ProjectConfigurationPlatforms) = postSolution
		{640186FC-BC77-452F-855D-5A43EC204DA5}.Debug|Any CPU.ActiveCfg = Debug|Any CPU
		{640186FC-BC77-452F-855D-5A43EC204DA5}.Debug|Any CPU.Build.0 = Debug|Any CPU
		{640186FC-BC77-452F-855D-5A43EC204DA5}.Release|Any CPU.ActiveCfg = Release|Any CPU
		{640186FC-BC77-452F-855D-5A43EC204DA5}.Release|Any CPU.Build.0 = Release|Any CPU
	EndGlobalSection
	GlobalSection(SolutionProperties) = preSolution
		HideSolutionNode = FALSE
	EndGlobalSection
	GlobalSection(ExtensibilityGlobals) = postSolution
		SolutionGuid = {4EB39F6E-63C4-489D-B54D-9DEE5F576E6D}
	EndGlobalSection
EndGlobal
